
Microsoft Visual Studio Solution File, Format Version 12.00
# Visual Studio Version 16
VisualStudioVersion = 16.0.32126.315
MinimumVisualStudioVersion = 10.0.40219.1
Project("{FAE04EC0-301F-11D3-BF4B-00C04F79EFBC}") = "ConsoleApp1", "ConsoleApp1\ConsoleApp1.csproj", "{C1EC57D3-2389-4C8E-A9DD-C02E70506278}"
EndProject
Global
	GlobalSection(SolutionConfigurationPlatforms) = preSolution
		Debug|Any CPU = Debug|Any CPU
		Release|Any CPU = Release|Any CPU
	EndGlobalSection
	GlobalSection(ProjectConfigurationPlatforms) = postSolution
		{C1EC57D3-2389-4C8E-A9DD-C02E70506278}.Debug|Any CPU.ActiveCfg = Debug|Any CPU
		{C1EC57D3-2389-4C8E-A9DD-C02E70506278}.Debug|Any CPU.Build.0 = Debug|Any CPU
		{C1EC57D3-2389-4C8E-A9DD-C02E70506278}.Release|Any CPU.ActiveCfg = Release|Any CPU
		{C1EC57D3-2389-4C8E-A9DD-C02E70506278}.Release|Any CPU.Build.0 = Release|Any CPU
	EndGlobalSection
	GlobalSection(SolutionProperties) = preSolution
		HideSolutionNode = FALSE
	EndGlobalSection
	GlobalSection(ExtensibilityGlobals) = postSolution
		SolutionGuid = {7A62819C-2393-47E1-8F8E-98A445AF4599}
	EndGlobalSection
EndGlobal
